
Microsoft Visual Studio Solution File, Format Version 12.00
# Visual Studio Version 17
VisualStudioVersion = 17.3.32825.248
MinimumVisualStudioVersion = 10.0.40219.1
Project("{FAE04EC0-301F-11D3-BF4B-00C04F79EFBC}") = "pjTransporte", "pjTransporte.csproj", "{BE39B63C-B41F-469C-A4D0-48639A79B7FD}"
EndProject
Global
	GlobalSection(SolutionConfigurationPlatforms) = preSolution
		Debug|Any CPU = Debug|Any CPU
		Release|Any CPU = Release|Any CPU
	EndGlobalSection
	GlobalSection(ProjectConfigurationPlatforms) = postSolution
		{BE39B63C-B41F-469C-A4D0-48639A79B7FD}.Debug|Any CPU.ActiveCfg = Debug|Any CPU
		{BE39B63C-B41F-469C-A4D0-48639A79B7FD}.Debug|Any CPU.Build.0 = Debug|Any CPU
		{BE39B63C-B41F-469C-A4D0-48639A79B7FD}.Release|Any CPU.ActiveCfg = Release|Any CPU
		{BE39B63C-B41F-469C-A4D0-48639A79B7FD}.Release|Any CPU.Build.0 = Release|Any CPU
	EndGlobalSection
	GlobalSection(SolutionProperties) = preSolution
		HideSolutionNode = FALSE
	EndGlobalSection
	GlobalSection(ExtensibilityGlobals) = postSolution
		SolutionGuid = {2AF50CA9-2EE3-45E6-96B8-189DE8CE7CC8}
	EndGlobalSection
EndGlobal
